{
  "name": "branchTracker",
  "version": "1.0.0",
  "lockfileVersion": 1,
  "requires": true,
  "dependencies": {
    "@uirouter/core": {
      "version": "5.0.3",
      "resolved": "https://registry.npmjs.org/@uirouter/core/-/core-5.0.3.tgz",
      "integrity": "sha1-4rWx5FGQ4gxnuk4VwBPeXU4MyrM="
    },
    "angular": {
      "version": "1.6.5",
      "resolved": "https://registry.npmjs.org/angular/-/angular-1.6.5.tgz",
      "integrity": "sha1-N/eI7r7Fzi4/oCsXu8sqIxV2oNY="
    },
    "angular-animate": {
      "version": "1.6.5",
      "resolved": "https://registry.npmjs.org/angular-animate/-/angular-animate-1.6.5.tgz",
      "integrity": "sha1-OBfHWIDQX8iZpsjUsJ0cxipx6To="
    },
    "angular-ui-router": {
      "version": "1.0.3",
      "resolved": "https://registry.npmjs.org/angular-ui-router/-/angular-ui-router-1.0.3.tgz",
      "integrity": "sha1-vySUyq6Vw3zwGvN2HYl0fP7S20U=",
      "requires": {
        "@uirouter/core": "5.0.3"
      }
    },
    "jquery": {
      "version": "3.2.1",
      "resolved": "https://registry.npmjs.org/jquery/-/jquery-3.2.1.tgz",
      "integrity": "sha1-XE2d5lKvbNCncBVKYxu6ErAVx4c="
    },
    "ng-animate": {
      "version": "0.2.0",
      "resolved": "https://registry.npmjs.org/ng-animate/-/ng-animate-0.2.0.tgz",
      "integrity": "sha512-8iviTjexrprT7wx1qyBgl5TwdiPdcIAV0OxV++EBAgapqtlG2gsE0XBVVJrNnw9KQATpae6auObF9ZRW8WT+CA=="
    }
  }
}
